{
	"name": "@aics/fms-file-explorer-core",
	"version": "0.3.0-alpha.0",
	"lockfileVersion": 1,
	"requires": true,
	"dependencies": {
		"acorn": {
			"version": "7.1.0",
			"resolved": "https://artifactory.corp.alleninstitute.org:443/artifactory/api/npm/npm-virtual/acorn/-/acorn-7.1.0.tgz",
			"integrity": "sha1-lJ028sKSU12mAig1hsJHfFfrLWw=",
			"dev": true
		},
		"esprima": {
			"version": "4.0.1",
			"resolved": "https://artifactory.corp.alleninstitute.org:443/artifactory/api/npm/npm-virtual/esprima/-/esprima-4.0.1.tgz",
			"integrity": "sha1-E7BM2z5sXRnfkatph6hpVhmwqnE=",
			"dev": true
		},
		"jsdom": {
			"version": "16.0.1",
			"resolved": "https://artifactory.corp.alleninstitute.org:443/artifactory/api/npm/npm-virtual/jsdom/-/jsdom-16.0.1.tgz",
			"integrity": "sha1-WlIUz2lglTG/b6W2Mi/dkM7tW/c=",
			"dev": true,
			"requires": {
				"abab": "^2.0.3",
				"acorn": "^7.1.0",
				"acorn-globals": "^4.3.2",
				"cssom": "^0.4.4",
				"cssstyle": "^2.0.0",
				"data-urls": "^2.0.0",
				"decimal.js": "^10.2.0",
				"domexception": "^2.0.1",
				"escodegen": "^1.12.1",
				"html-encoding-sniffer": "^2.0.0",
				"nwsapi": "^2.2.0",
				"parse5": "5.1.1",
				"request": "^2.88.0",
				"request-promise-native": "^1.0.8",
				"saxes": "^4.0.2",
				"symbol-tree": "^3.2.2",
				"tough-cookie": "^3.0.1",
				"w3c-hr-time": "^1.0.1",
				"w3c-xmlserializer": "^2.0.0",
				"webidl-conversions": "^5.0.0",
				"whatwg-encoding": "^1.0.5",
				"whatwg-mimetype": "^2.3.0",
				"whatwg-url": "^8.0.0",
				"ws": "^7.2.1",
				"xml-name-validator": "^3.0.0"
			},
			"dependencies": {
				"abab": {
					"version": "2.0.3",
					"resolved": "https://artifactory.corp.alleninstitute.org:443/artifactory/api/npm/npm-virtual/abab/-/abab-2.0.3.tgz",
					"integrity": "sha1-Yj4gdeAustPyR15J+ZyRhGRnkHo=",
					"dev": true
				},
				"acorn-globals": {
					"version": "4.3.4",
					"resolved": "https://artifactory.corp.alleninstitute.org:443/artifactory/api/npm/npm-virtual/acorn-globals/-/acorn-globals-4.3.4.tgz",
					"integrity": "sha1-n6GSat3BHJcwjE5m163Q1Awycuc=",
					"dev": true,
					"requires": {
						"acorn": "^6.0.1",
						"acorn-walk": "^6.0.1"
					},
					"dependencies": {
						"acorn": {
							"version": "6.4.0",
							"resolved": "https://artifactory.corp.alleninstitute.org:443/artifactory/api/npm/npm-virtual/acorn/-/acorn-6.4.0.tgz",
							"integrity": "sha1-tlnS/7r6JLr12xzbsslKmD7NJ4Q=",
							"dev": true
						}
					}
				},
				"acorn-walk": {
					"version": "6.2.0",
					"resolved": "https://artifactory.corp.alleninstitute.org:443/artifactory/api/npm/npm-virtual/acorn-walk/-/acorn-walk-6.2.0.tgz",
					"integrity": "sha1-Ejy487hMIXHx9/slJhWxx4prGow=",
					"dev": true
				},
				"ajv": {
					"version": "6.11.0",
					"resolved": "https://artifactory.corp.alleninstitute.org:443/artifactory/api/npm/npm-virtual/ajv/-/ajv-6.11.0.tgz",
					"integrity": "sha1-w2B8vIrjktilpTbyWyH45fP4f+k=",
					"dev": true,
					"requires": {
						"fast-deep-equal": "^3.1.1",
						"fast-json-stable-stringify": "^2.0.0",
						"json-schema-traverse": "^0.4.1",
						"uri-js": "^4.2.2"
					}
				},
				"asn1": {
					"version": "0.2.4",
					"resolved": "https://artifactory.corp.alleninstitute.org:443/artifactory/api/npm/npm-virtual/asn1/-/asn1-0.2.4.tgz",
					"integrity": "sha1-jSR136tVO7M+d7VOWeiAu4ziMTY=",
					"dev": true,
					"requires": {
						"safer-buffer": "~2.1.0"
					}
				},
				"assert-plus": {
					"version": "1.0.0",
					"resolved": "https://artifactory.corp.alleninstitute.org:443/artifactory/api/npm/npm-virtual/assert-plus/-/assert-plus-1.0.0.tgz",
					"integrity": "sha1-8S4PPF13sLHN2RRpQuTpbB5N1SU=",
					"dev": true
				},
				"asynckit": {
					"version": "0.4.0",
					"resolved": "https://artifactory.corp.alleninstitute.org:443/artifactory/api/npm/npm-virtual/asynckit/-/asynckit-0.4.0.tgz",
					"integrity": "sha1-x57Zf380y48robyXkLzDZkdLS3k=",
					"dev": true
				},
				"aws-sign2": {
					"version": "0.7.0",
					"resolved": "https://artifactory.corp.alleninstitute.org:443/artifactory/api/npm/npm-virtual/aws-sign2/-/aws-sign2-0.7.0.tgz",
					"integrity": "sha1-tG6JCTSpWR8tL2+G1+ap8bP+dqg=",
					"dev": true
				},
				"aws4": {
					"version": "1.9.1",
					"resolved": "https://artifactory.corp.alleninstitute.org:443/artifactory/api/npm/npm-virtual/aws4/-/aws4-1.9.1.tgz",
					"integrity": "sha1-fjPY99RJs/ZzzXLeuavcVS2+Uo4=",
					"dev": true
				},
				"bcrypt-pbkdf": {
					"version": "1.0.2",
					"resolved": "https://artifactory.corp.alleninstitute.org:443/artifactory/api/npm/npm-virtual/bcrypt-pbkdf/-/bcrypt-pbkdf-1.0.2.tgz",
					"integrity": "sha1-pDAdOJtqQ/m2f/PKEaP2Y342Dp4=",
					"dev": true,
					"requires": {
						"tweetnacl": "^0.14.3"
					}
				},
				"browser-process-hrtime": {
					"version": "0.1.3",
					"resolved": "https://artifactory.corp.alleninstitute.org:443/artifactory/api/npm/npm-virtual/browser-process-hrtime/-/browser-process-hrtime-0.1.3.tgz",
					"integrity": "sha1-YW8A+u8d9+wbW/nP4r3DFw8mx7Q=",
					"dev": true
				},
				"caseless": {
					"version": "0.12.0",
					"resolved": "https://artifactory.corp.alleninstitute.org:443/artifactory/api/npm/npm-virtual/caseless/-/caseless-0.12.0.tgz",
					"integrity": "sha1-G2gcIf+EAzyCZUMJBolCDRhxUdw=",
					"dev": true
				},
				"combined-stream": {
					"version": "1.0.8",
					"resolved": "https://artifactory.corp.alleninstitute.org:443/artifactory/api/npm/npm-virtual/combined-stream/-/combined-stream-1.0.8.tgz",
					"integrity": "sha1-w9RaizT9cwYxoRCoolIGgrMdWn8=",
					"dev": true,
					"requires": {
						"delayed-stream": "~1.0.0"
					}
				},
				"core-util-is": {
					"version": "1.0.2",
					"resolved": "https://artifactory.corp.alleninstitute.org:443/artifactory/api/npm/npm-virtual/core-util-is/-/core-util-is-1.0.2.tgz",
					"integrity": "sha1-tf1UIgqivFq1eqtxQMlAdUUDwac=",
					"dev": true
				},
				"cssom": {
					"version": "0.4.4",
					"resolved": "https://artifactory.corp.alleninstitute.org:443/artifactory/api/npm/npm-virtual/cssom/-/cssom-0.4.4.tgz",
					"integrity": "sha1-WmbPk9LQtmHYC/akT7ZfXC5OChA=",
					"dev": true
				},
				"cssstyle": {
					"version": "2.2.0",
					"resolved": "https://artifactory.corp.alleninstitute.org:443/artifactory/api/npm/npm-virtual/cssstyle/-/cssstyle-2.2.0.tgz",
					"integrity": "sha1-5MRN68zWt5Ee1hekOV5XVLulmZI=",
					"dev": true,
					"requires": {
						"cssom": "~0.3.6"
					},
					"dependencies": {
						"cssom": {
							"version": "0.3.8",
							"resolved": "https://artifactory.corp.alleninstitute.org:443/artifactory/api/npm/npm-virtual/cssom/-/cssom-0.3.8.tgz",
							"integrity": "sha1-nxJ29bK0Y/IRTT8sdSUK+MGjb0o=",
							"dev": true
						}
					}
				},
				"dashdash": {
					"version": "1.14.1",
					"resolved": "https://artifactory.corp.alleninstitute.org:443/artifactory/api/npm/npm-virtual/dashdash/-/dashdash-1.14.1.tgz",
					"integrity": "sha1-hTz6D3y+L+1d4gMmuN1YEDX24vA=",
					"dev": true,
					"requires": {
						"assert-plus": "^1.0.0"
					}
				},
				"data-urls": {
					"version": "2.0.0",
					"resolved": "https://artifactory.corp.alleninstitute.org:443/artifactory/api/npm/npm-virtual/data-urls/-/data-urls-2.0.0.tgz",
					"integrity": "sha1-FWSFpyljqXD11YIar2Qr7yvy25s=",
					"dev": true,
					"requires": {
						"abab": "^2.0.3",
						"whatwg-mimetype": "^2.3.0",
						"whatwg-url": "^8.0.0"
					}
				},
				"decimal.js": {
					"version": "10.2.0",
					"resolved": "https://artifactory.corp.alleninstitute.org:443/artifactory/api/npm/npm-virtual/decimal.js/-/decimal.js-10.2.0.tgz",
					"integrity": "sha1-OUZhE6ngNhEdAvgkibX9awte0jE=",
					"dev": true
				},
				"deep-is": {
					"version": "0.1.3",
					"resolved": "https://artifactory.corp.alleninstitute.org:443/artifactory/api/npm/npm-virtual/deep-is/-/deep-is-0.1.3.tgz",
					"integrity": "sha1-s2nW+128E+7PUk+RsHD+7cNXzzQ=",
					"dev": true
				},
				"delayed-stream": {
					"version": "1.0.0",
					"resolved": "https://artifactory.corp.alleninstitute.org:443/artifactory/api/npm/npm-virtual/delayed-stream/-/delayed-stream-1.0.0.tgz",
					"integrity": "sha1-3zrhmayt+31ECqrgsp4icrJOxhk=",
					"dev": true
				},
				"domexception": {
					"version": "2.0.1",
					"resolved": "https://artifactory.corp.alleninstitute.org:443/artifactory/api/npm/npm-virtual/domexception/-/domexception-2.0.1.tgz",
					"integrity": "sha1-+0Su+6eT4VdLCvau0oAdBXUp8wQ=",
					"dev": true,
					"requires": {
						"webidl-conversions": "^5.0.0"
					}
				},
				"ecc-jsbn": {
					"version": "0.1.2",
					"resolved": "https://artifactory.corp.alleninstitute.org:443/artifactory/api/npm/npm-virtual/ecc-jsbn/-/ecc-jsbn-0.1.2.tgz",
					"integrity": "sha1-OoOpBOVDUyh4dMVkt1SThoSamMk=",
					"dev": true,
					"requires": {
						"jsbn": "~0.1.0",
						"safer-buffer": "^2.1.0"
					}
				},
				"escodegen": {
					"version": "1.13.0",
					"resolved": "https://artifactory.corp.alleninstitute.org:443/artifactory/api/npm/npm-virtual/escodegen/-/escodegen-1.13.0.tgz",
					"integrity": "sha1-x635vT88xnW7dS8gL3mnIBicqyk=",
					"dev": true,
					"requires": {
						"esprima": "^4.0.1",
						"estraverse": "^4.2.0",
						"esutils": "^2.0.2",
						"optionator": "^0.8.1",
						"source-map": "~0.6.1"
					}
				},
				"estraverse": {
					"version": "4.3.0",
					"resolved": "https://artifactory.corp.alleninstitute.org:443/artifactory/api/npm/npm-virtual/estraverse/-/estraverse-4.3.0.tgz",
					"integrity": "sha1-OYrT88WiSUi+dyXoPRGn3ijNvR0=",
					"dev": true
				},
				"esutils": {
					"version": "2.0.3",
					"resolved": "https://artifactory.corp.alleninstitute.org:443/artifactory/api/npm/npm-virtual/esutils/-/esutils-2.0.3.tgz",
					"integrity": "sha1-dNLrTeC42hKTcRkQ1Qd1ubcQ72Q=",
					"dev": true
				},
				"extend": {
					"version": "3.0.2",
					"resolved": "https://artifactory.corp.alleninstitute.org:443/artifactory/api/npm/npm-virtual/extend/-/extend-3.0.2.tgz",
					"integrity": "sha1-+LETa0Bx+9jrFAr/hYsQGewpFfo=",
					"dev": true
				},
				"extsprintf": {
					"version": "1.3.0",
					"resolved": "https://artifactory.corp.alleninstitute.org:443/artifactory/api/npm/npm-virtual/extsprintf/-/extsprintf-1.3.0.tgz",
					"integrity": "sha1-lpGEQOMEGnpBT4xS48V06zw+HgU=",
					"dev": true
				},
				"fast-deep-equal": {
					"version": "3.1.1",
					"resolved": "https://artifactory.corp.alleninstitute.org:443/artifactory/api/npm/npm-virtual/fast-deep-equal/-/fast-deep-equal-3.1.1.tgz",
					"integrity": "sha1-VFFFB3xQFJHjOxXsQIwpQ3bpSuQ=",
					"dev": true
				},
				"fast-json-stable-stringify": {
					"version": "2.1.0",
					"resolved": "https://artifactory.corp.alleninstitute.org:443/artifactory/api/npm/npm-virtual/fast-json-stable-stringify/-/fast-json-stable-stringify-2.1.0.tgz",
					"integrity": "sha1-h0v2nG9ATCtdmcSBNBOZ/VWJJjM=",
					"dev": true
				},
				"fast-levenshtein": {
					"version": "2.0.6",
					"resolved": "https://artifactory.corp.alleninstitute.org:443/artifactory/api/npm/npm-virtual/fast-levenshtein/-/fast-levenshtein-2.0.6.tgz",
					"integrity": "sha1-PYpcZog6FqMMqGQ+hR8Zuqd5eRc=",
					"dev": true
				},
				"forever-agent": {
					"version": "0.6.1",
					"resolved": "https://artifactory.corp.alleninstitute.org:443/artifactory/api/npm/npm-virtual/forever-agent/-/forever-agent-0.6.1.tgz",
					"integrity": "sha1-+8cfDEGt6zf5bFd60e1C2P2sypE=",
					"dev": true
				},
				"form-data": {
					"version": "2.3.3",
					"resolved": "https://artifactory.corp.alleninstitute.org:443/artifactory/api/npm/npm-virtual/form-data/-/form-data-2.3.3.tgz",
					"integrity": "sha1-3M5SwF9kTymManq5Nr1yTO/786Y=",
					"dev": true,
					"requires": {
						"asynckit": "^0.4.0",
						"combined-stream": "^1.0.6",
						"mime-types": "^2.1.12"
					}
				},
				"getpass": {
					"version": "0.1.7",
					"resolved": "https://artifactory.corp.alleninstitute.org:443/artifactory/api/npm/npm-virtual/getpass/-/getpass-0.1.7.tgz",
					"integrity": "sha1-Xv+OPmhNVprkyysSgmBOi6YhSfo=",
					"dev": true,
					"requires": {
						"assert-plus": "^1.0.0"
					}
				},
				"har-schema": {
					"version": "2.0.0",
					"resolved": "https://artifactory.corp.alleninstitute.org:443/artifactory/api/npm/npm-virtual/har-schema/-/har-schema-2.0.0.tgz",
					"integrity": "sha1-qUwiJOvKwEeCoNkDVSHyRzW37JI=",
					"dev": true
				},
				"har-validator": {
					"version": "5.1.3",
					"resolved": "https://artifactory.corp.alleninstitute.org:443/artifactory/api/npm/npm-virtual/har-validator/-/har-validator-5.1.3.tgz",
					"integrity": "sha1-HvievT5JllV2de7ZiTEQ3DUPoIA=",
					"dev": true,
					"requires": {
						"ajv": "^6.5.5",
						"har-schema": "^2.0.0"
					}
				},
				"html-encoding-sniffer": {
					"version": "2.0.0",
					"resolved": "https://artifactory.corp.alleninstitute.org:443/artifactory/api/npm/npm-virtual/html-encoding-sniffer/-/html-encoding-sniffer-2.0.0.tgz",
					"integrity": "sha1-cLO2m7WZnzXQ1EldeQefNWMOca4=",
					"dev": true,
					"requires": {
						"whatwg-encoding": "^1.0.5"
					}
				},
				"http-signature": {
					"version": "1.2.0",
					"resolved": "https://artifactory.corp.alleninstitute.org:443/artifactory/api/npm/npm-virtual/http-signature/-/http-signature-1.2.0.tgz",
					"integrity": "sha1-muzZJRFHcvPZW2WmCruPfBj7rOE=",
					"dev": true,
					"requires": {
						"assert-plus": "^1.0.0",
						"jsprim": "^1.2.2",
						"sshpk": "^1.7.0"
					}
				},
				"iconv-lite": {
					"version": "0.4.24",
					"resolved": "https://artifactory.corp.alleninstitute.org:443/artifactory/api/npm/npm-virtual/iconv-lite/-/iconv-lite-0.4.24.tgz",
					"integrity": "sha1-ICK0sl+93CHS9SSXSkdKr+czkIs=",
					"dev": true,
					"requires": {
						"safer-buffer": ">= 2.1.2 < 3"
					}
				},
				"ip-regex": {
					"version": "2.1.0",
					"resolved": "https://artifactory.corp.alleninstitute.org:443/artifactory/api/npm/npm-virtual/ip-regex/-/ip-regex-2.1.0.tgz",
					"integrity": "sha1-+ni/XS5pE8kRzp+BnuUUa7bYROk=",
					"dev": true
				},
				"is-typedarray": {
					"version": "1.0.0",
					"resolved": "https://artifactory.corp.alleninstitute.org:443/artifactory/api/npm/npm-virtual/is-typedarray/-/is-typedarray-1.0.0.tgz",
					"integrity": "sha1-5HnICFjfDBsR3dppQPlgEfzaSpo=",
					"dev": true
				},
				"isstream": {
					"version": "0.1.2",
					"resolved": "https://artifactory.corp.alleninstitute.org:443/artifactory/api/npm/npm-virtual/isstream/-/isstream-0.1.2.tgz",
					"integrity": "sha1-R+Y/evVa+m+S4VAOaQ64uFKcCZo=",
					"dev": true
				},
				"jsbn": {
					"version": "0.1.1",
					"resolved": "https://artifactory.corp.alleninstitute.org:443/artifactory/api/npm/npm-virtual/jsbn/-/jsbn-0.1.1.tgz",
					"integrity": "sha1-peZUwuWi3rXyAdls77yoDA7y9RM=",
					"dev": true
				},
				"json-schema": {
					"version": "0.2.3",
					"resolved": "https://artifactory.corp.alleninstitute.org:443/artifactory/api/npm/npm-virtual/json-schema/-/json-schema-0.2.3.tgz",
					"integrity": "sha1-tIDIkuWaLwWVTOcnvT8qTogvnhM=",
					"dev": true
				},
				"json-schema-traverse": {
					"version": "0.4.1",
					"resolved": "https://artifactory.corp.alleninstitute.org:443/artifactory/api/npm/npm-virtual/json-schema-traverse/-/json-schema-traverse-0.4.1.tgz",
					"integrity": "sha1-afaofZUTq4u4/mO9sJecRI5oRmA=",
					"dev": true
				},
				"json-stringify-safe": {
					"version": "5.0.1",
					"resolved": "https://artifactory.corp.alleninstitute.org:443/artifactory/api/npm/npm-virtual/json-stringify-safe/-/json-stringify-safe-5.0.1.tgz",
					"integrity": "sha1-Epai1Y/UXxmg9s4B1lcB4sc1tus=",
					"dev": true
				},
				"jsprim": {
					"version": "1.4.1",
					"resolved": "https://artifactory.corp.alleninstitute.org:443/artifactory/api/npm/npm-virtual/jsprim/-/jsprim-1.4.1.tgz",
					"integrity": "sha1-MT5mvB5cwG5Di8G3SZwuXFastqI=",
					"dev": true,
					"requires": {
						"assert-plus": "1.0.0",
						"extsprintf": "1.3.0",
						"json-schema": "0.2.3",
						"verror": "1.10.0"
					}
				},
				"levn": {
					"version": "0.3.0",
					"resolved": "https://artifactory.corp.alleninstitute.org:443/artifactory/api/npm/npm-virtual/levn/-/levn-0.3.0.tgz",
					"integrity": "sha1-OwmSTt+fCDwEkP3UwLxEIeBHZO4=",
					"dev": true,
					"requires": {
						"prelude-ls": "~1.1.2",
						"type-check": "~0.3.2"
					}
				},
				"lodash": {
					"version": "4.17.15",
					"resolved": "https://artifactory.corp.alleninstitute.org:443/artifactory/api/npm/npm-virtual/lodash/-/lodash-4.17.15.tgz",
					"integrity": "sha1-tEf2ZwoEVbv+7dETku/zMOoJdUg=",
					"dev": true
				},
				"lodash.sortby": {
					"version": "4.7.0",
					"resolved": "https://artifactory.corp.alleninstitute.org:443/artifactory/api/npm/npm-virtual/lodash.sortby/-/lodash.sortby-4.7.0.tgz",
					"integrity": "sha1-7dFMgk4sycHgsKG0K7UhBRakJDg=",
					"dev": true
				},
				"mime-db": {
					"version": "1.43.0",
					"resolved": "https://artifactory.corp.alleninstitute.org:443/artifactory/api/npm/npm-virtual/mime-db/-/mime-db-1.43.0.tgz",
					"integrity": "sha1-ChLgUCZQ5HPXNVNQUOfI9OtPrlg=",
					"dev": true
				},
				"mime-types": {
					"version": "2.1.26",
					"resolved": "https://artifactory.corp.alleninstitute.org:443/artifactory/api/npm/npm-virtual/mime-types/-/mime-types-2.1.26.tgz",
					"integrity": "sha1-nJIfwJt+FJpl39wNpNIJlyALCgY=",
					"dev": true,
					"requires": {
						"mime-db": "1.43.0"
					}
				},
				"nwsapi": {
					"version": "2.2.0",
					"resolved": "https://artifactory.corp.alleninstitute.org:443/artifactory/api/npm/npm-virtual/nwsapi/-/nwsapi-2.2.0.tgz",
					"integrity": "sha1-IEh5qePQaP8qVROcLHcngGgaOLc=",
					"dev": true
				},
				"oauth-sign": {
					"version": "0.9.0",
					"resolved": "https://artifactory.corp.alleninstitute.org:443/artifactory/api/npm/npm-virtual/oauth-sign/-/oauth-sign-0.9.0.tgz",
					"integrity": "sha1-R6ewFrqmi1+g7PPe4IqFxnmsZFU=",
					"dev": true
				},
				"optionator": {
					"version": "0.8.3",
					"resolved": "https://artifactory.corp.alleninstitute.org:443/artifactory/api/npm/npm-virtual/optionator/-/optionator-0.8.3.tgz",
					"integrity": "sha1-hPodA2/p08fiHZmIS2ARZ+yPtJU=",
					"dev": true,
					"requires": {
						"deep-is": "~0.1.3",
						"fast-levenshtein": "~2.0.6",
						"levn": "~0.3.0",
						"prelude-ls": "~1.1.2",
						"type-check": "~0.3.2",
						"word-wrap": "~1.2.3"
					}
				},
				"parse5": {
					"version": "5.1.1",
					"resolved": "https://artifactory.corp.alleninstitute.org:443/artifactory/api/npm/npm-virtual/parse5/-/parse5-5.1.1.tgz",
					"integrity": "sha1-9o5OW6GFKsLK3AD0VV//bCq7YXg=",
					"dev": true
				},
				"performance-now": {
					"version": "2.1.0",
					"resolved": "https://artifactory.corp.alleninstitute.org:443/artifactory/api/npm/npm-virtual/performance-now/-/performance-now-2.1.0.tgz",
					"integrity": "sha1-Ywn04OX6kT7BxpMHrjZLSzd8nns=",
					"dev": true
				},
				"prelude-ls": {
					"version": "1.1.2",
					"resolved": "https://artifactory.corp.alleninstitute.org:443/artifactory/api/npm/npm-virtual/prelude-ls/-/prelude-ls-1.1.2.tgz",
					"integrity": "sha1-IZMqVJ9eUv/ZqCf1cOBL5iqX2lQ=",
					"dev": true
				},
				"psl": {
					"version": "1.7.0",
					"resolved": "https://artifactory.corp.alleninstitute.org:443/artifactory/api/npm/npm-virtual/psl/-/psl-1.7.0.tgz",
					"integrity": "sha1-8cTEeo75cWfepda79IFtc26ISjw=",
					"dev": true
				},
				"punycode": {
					"version": "2.1.1",
					"resolved": "https://artifactory.corp.alleninstitute.org:443/artifactory/api/npm/npm-virtual/punycode/-/punycode-2.1.1.tgz",
					"integrity": "sha1-tYsBCsQMIsVldhbI0sLALHv0eew=",
					"dev": true
				},
				"qs": {
					"version": "6.5.2",
					"resolved": "https://artifactory.corp.alleninstitute.org:443/artifactory/api/npm/npm-virtual/qs/-/qs-6.5.2.tgz",
					"integrity": "sha1-yzroBuh0BERYTvFUzo7pjUA/PjY=",
					"dev": true
				},
				"request": {
					"version": "2.88.0",
					"resolved": "https://artifactory.corp.alleninstitute.org:443/artifactory/api/npm/npm-virtual/request/-/request-2.88.0.tgz",
					"integrity": "sha1-nC/KT301tZLv5Xx/ClXoEFIST+8=",
					"dev": true,
					"requires": {
						"aws-sign2": "~0.7.0",
						"aws4": "^1.8.0",
						"caseless": "~0.12.0",
						"combined-stream": "~1.0.6",
						"extend": "~3.0.2",
						"forever-agent": "~0.6.1",
						"form-data": "~2.3.2",
						"har-validator": "~5.1.0",
						"http-signature": "~1.2.0",
						"is-typedarray": "~1.0.0",
						"isstream": "~0.1.2",
						"json-stringify-safe": "~5.0.1",
						"mime-types": "~2.1.19",
						"oauth-sign": "~0.9.0",
						"performance-now": "^2.1.0",
						"qs": "~6.5.2",
						"safe-buffer": "^5.1.2",
						"tough-cookie": "~2.4.3",
						"tunnel-agent": "^0.6.0",
						"uuid": "^3.3.2"
					},
					"dependencies": {
						"punycode": {
							"version": "1.4.1",
							"resolved": "https://artifactory.corp.alleninstitute.org:443/artifactory/api/npm/npm-virtual/punycode/-/punycode-1.4.1.tgz",
							"integrity": "sha1-wNWmOycYgArY4esPpSachN1BhF4=",
							"dev": true
						},
						"tough-cookie": {
							"version": "2.4.3",
							"resolved": "https://artifactory.corp.alleninstitute.org:443/artifactory/api/npm/npm-virtual/tough-cookie/-/tough-cookie-2.4.3.tgz",
							"integrity": "sha1-U/Nto/R3g7CSWvoG/587FlKA94E=",
							"dev": true,
							"requires": {
								"psl": "^1.1.24",
								"punycode": "^1.4.1"
							}
						}
					}
				},
				"request-promise-core": {
					"version": "1.1.3",
					"resolved": "https://artifactory.corp.alleninstitute.org:443/artifactory/api/npm/npm-virtual/request-promise-core/-/request-promise-core-1.1.3.tgz",
					"integrity": "sha1-6aPAgbUTgN/qZ3M2Bh/qh5qCnuk=",
					"dev": true,
					"requires": {
						"lodash": "^4.17.15"
					}
				},
				"request-promise-native": {
					"version": "1.0.8",
					"resolved": "https://artifactory.corp.alleninstitute.org:443/artifactory/api/npm/npm-virtual/request-promise-native/-/request-promise-native-1.0.8.tgz",
					"integrity": "sha1-pFW5YLgm5E4r+Jma9k3/K/5YyzY=",
					"dev": true,
					"requires": {
						"request-promise-core": "1.1.3",
						"stealthy-require": "^1.1.1",
						"tough-cookie": "^2.3.3"
					},
					"dependencies": {
						"tough-cookie": {
							"version": "2.5.0",
							"resolved": "https://artifactory.corp.alleninstitute.org:443/artifactory/api/npm/npm-virtual/tough-cookie/-/tough-cookie-2.5.0.tgz",
							"integrity": "sha1-zZ+yoKodWhK0c72fuW+j3P9lreI=",
							"dev": true,
							"requires": {
								"psl": "^1.1.28",
								"punycode": "^2.1.1"
							}
						}
					}
				},
				"safe-buffer": {
					"version": "5.2.0",
					"resolved": "https://artifactory.corp.alleninstitute.org:443/artifactory/api/npm/npm-virtual/safe-buffer/-/safe-buffer-5.2.0.tgz",
					"integrity": "sha1-t02uxJsRSPiMZLaNSbHoFcHy9Rk=",
					"dev": true
				},
				"safer-buffer": {
					"version": "2.1.2",
					"resolved": "https://artifactory.corp.alleninstitute.org:443/artifactory/api/npm/npm-virtual/safer-buffer/-/safer-buffer-2.1.2.tgz",
					"integrity": "sha1-RPoWGwGHuVSd2Eu5GAL5vYOFzWo=",
					"dev": true
				},
				"saxes": {
					"version": "4.0.2",
					"resolved": "https://artifactory.corp.alleninstitute.org:443/artifactory/api/npm/npm-virtual/saxes/-/saxes-4.0.2.tgz",
					"integrity": "sha1-dvjnYu/JbsSvX4hdgVHFBCYQMWU=",
					"dev": true,
					"requires": {
						"xmlchars": "^2.2.0"
					}
				},
				"source-map": {
					"version": "0.6.1",
					"resolved": "https://artifactory.corp.alleninstitute.org:443/artifactory/api/npm/npm-virtual/source-map/-/source-map-0.6.1.tgz",
					"integrity": "sha1-dHIq8y6WFOnCh6jQu95IteLxomM=",
					"dev": true,
					"optional": true
				},
				"sshpk": {
					"version": "1.16.1",
					"resolved": "https://artifactory.corp.alleninstitute.org:443/artifactory/api/npm/npm-virtual/sshpk/-/sshpk-1.16.1.tgz",
					"integrity": "sha1-+2YcC+8ps520B2nuOfpwCT1vaHc=",
					"dev": true,
					"requires": {
						"asn1": "~0.2.3",
						"assert-plus": "^1.0.0",
						"bcrypt-pbkdf": "^1.0.0",
						"dashdash": "^1.12.0",
						"ecc-jsbn": "~0.1.1",
						"getpass": "^0.1.1",
						"jsbn": "~0.1.0",
						"safer-buffer": "^2.0.2",
						"tweetnacl": "~0.14.0"
					}
				},
				"stealthy-require": {
					"version": "1.1.1",
					"resolved": "https://artifactory.corp.alleninstitute.org:443/artifactory/api/npm/npm-virtual/stealthy-require/-/stealthy-require-1.1.1.tgz",
					"integrity": "sha1-NbCYdbT/SfJqd35QmzCQoyJr8ks=",
					"dev": true
				},
				"symbol-tree": {
					"version": "3.2.4",
					"resolved": "https://artifactory.corp.alleninstitute.org:443/artifactory/api/npm/npm-virtual/symbol-tree/-/symbol-tree-3.2.4.tgz",
					"integrity": "sha1-QwY30ki6d+B4iDlR+5qg7tfGP6I=",
					"dev": true
				},
				"tough-cookie": {
					"version": "3.0.1",
					"resolved": "https://artifactory.corp.alleninstitute.org:443/artifactory/api/npm/npm-virtual/tough-cookie/-/tough-cookie-3.0.1.tgz",
					"integrity": "sha1-nfT1fnOcJpMKAYGEiH9K233Kc7I=",
					"dev": true,
					"requires": {
						"ip-regex": "^2.1.0",
						"psl": "^1.1.28",
						"punycode": "^2.1.1"
					}
				},
				"tr46": {
					"version": "2.0.0",
					"resolved": "https://artifactory.corp.alleninstitute.org:443/artifactory/api/npm/npm-virtual/tr46/-/tr46-2.0.0.tgz",
					"integrity": "sha1-qF2j+FESMTV7NHyqaGq7PfsVBjQ=",
					"dev": true,
					"requires": {
						"punycode": "^2.1.1"
					}
				},
				"tunnel-agent": {
					"version": "0.6.0",
					"resolved": "https://artifactory.corp.alleninstitute.org:443/artifactory/api/npm/npm-virtual/tunnel-agent/-/tunnel-agent-0.6.0.tgz",
					"integrity": "sha1-J6XeoGs2sEoKmWZ3SykIaPD8QP0=",
					"dev": true,
					"requires": {
						"safe-buffer": "^5.0.1"
					}
				},
				"tweetnacl": {
					"version": "0.14.5",
					"resolved": "https://artifactory.corp.alleninstitute.org:443/artifactory/api/npm/npm-virtual/tweetnacl/-/tweetnacl-0.14.5.tgz",
					"integrity": "sha1-WuaBd/GS1EViadEIr6k/+HQ/T2Q=",
					"dev": true
				},
				"type-check": {
					"version": "0.3.2",
					"resolved": "https://artifactory.corp.alleninstitute.org:443/artifactory/api/npm/npm-virtual/type-check/-/type-check-0.3.2.tgz",
					"integrity": "sha1-WITKtRLPHTVeP7eE8wgEsrUg23I=",
					"dev": true,
					"requires": {
						"prelude-ls": "~1.1.2"
					}
				},
				"uri-js": {
					"version": "4.2.2",
					"resolved": "https://artifactory.corp.alleninstitute.org:443/artifactory/api/npm/npm-virtual/uri-js/-/uri-js-4.2.2.tgz",
					"integrity": "sha1-lMVA4f93KVbiKZUHwBCupsiDjrA=",
					"dev": true,
					"requires": {
						"punycode": "^2.1.0"
					}
				},
				"uuid": {
					"version": "3.4.0",
					"resolved": "https://artifactory.corp.alleninstitute.org:443/artifactory/api/npm/npm-virtual/uuid/-/uuid-3.4.0.tgz",
					"integrity": "sha1-sj5DWK+oogL+ehAK8fX4g/AgB+4=",
					"dev": true
				},
				"verror": {
					"version": "1.10.0",
					"resolved": "https://artifactory.corp.alleninstitute.org:443/artifactory/api/npm/npm-virtual/verror/-/verror-1.10.0.tgz",
					"integrity": "sha1-OhBcoXBTr1XW4nDB+CiGguGNpAA=",
					"dev": true,
					"requires": {
						"assert-plus": "^1.0.0",
						"core-util-is": "1.0.2",
						"extsprintf": "^1.2.0"
					}
				},
				"w3c-hr-time": {
					"version": "1.0.1",
					"resolved": "https://artifactory.corp.alleninstitute.org:443/artifactory/api/npm/npm-virtual/w3c-hr-time/-/w3c-hr-time-1.0.1.tgz",
					"integrity": "sha1-gqwr/2PZUOqeMYmlimViX+3xkEU=",
					"dev": true,
					"requires": {
						"browser-process-hrtime": "^0.1.2"
					}
				},
				"w3c-xmlserializer": {
					"version": "2.0.0",
					"resolved": "https://artifactory.corp.alleninstitute.org:443/artifactory/api/npm/npm-virtual/w3c-xmlserializer/-/w3c-xmlserializer-2.0.0.tgz",
					"integrity": "sha1-PnEEoFt1FGzGD1ZDgLf2g6zxAgo=",
					"dev": true,
					"requires": {
						"xml-name-validator": "^3.0.0"
					}
				},
				"webidl-conversions": {
					"version": "5.0.0",
					"resolved": "https://artifactory.corp.alleninstitute.org:443/artifactory/api/npm/npm-virtual/webidl-conversions/-/webidl-conversions-5.0.0.tgz",
					"integrity": "sha1-rlnIoAsSFUOirMZcBDT1ew/BGv8=",
					"dev": true
				},
				"whatwg-encoding": {
					"version": "1.0.5",
					"resolved": "https://artifactory.corp.alleninstitute.org:443/artifactory/api/npm/npm-virtual/whatwg-encoding/-/whatwg-encoding-1.0.5.tgz",
					"integrity": "sha1-WrrPd3wyFmpR0IXWtPPn0nET3bA=",
					"dev": true,
					"requires": {
						"iconv-lite": "0.4.24"
					}
				},
				"whatwg-mimetype": {
					"version": "2.3.0",
					"resolved": "https://artifactory.corp.alleninstitute.org:443/artifactory/api/npm/npm-virtual/whatwg-mimetype/-/whatwg-mimetype-2.3.0.tgz",
					"integrity": "sha1-PUseAxLSB5h5+Cav8Y2+7KWWD78=",
					"dev": true
				},
				"whatwg-url": {
					"version": "8.0.0",
					"resolved": "https://artifactory.corp.alleninstitute.org:443/artifactory/api/npm/npm-virtual/whatwg-url/-/whatwg-url-8.0.0.tgz",
					"integrity": "sha1-N/JWy3RjmOGbEHvW74ILSuLRWHE=",
					"dev": true,
					"requires": {
						"lodash.sortby": "^4.7.0",
						"tr46": "^2.0.0",
						"webidl-conversions": "^5.0.0"
					}
				},
				"word-wrap": {
					"version": "1.2.3",
					"resolved": "https://artifactory.corp.alleninstitute.org:443/artifactory/api/npm/npm-virtual/word-wrap/-/word-wrap-1.2.3.tgz",
					"integrity": "sha1-YQY29rH3A4kb00dxzLF/uTtHB5w=",
					"dev": true
				},
				"ws": {
					"version": "7.2.1",
					"resolved": "https://artifactory.corp.alleninstitute.org:443/artifactory/api/npm/npm-virtual/ws/-/ws-7.2.1.tgz",
					"integrity": "sha1-A+1SQjzXRAhLLPQu0ZfItlqTa44=",
					"dev": true
				},
				"xml-name-validator": {
					"version": "3.0.0",
					"resolved": "https://artifactory.corp.alleninstitute.org:443/artifactory/api/npm/npm-virtual/xml-name-validator/-/xml-name-validator-3.0.0.tgz",
					"integrity": "sha1-auc+Bt5NjG5H+fsYH3jWSK1FfGo=",
					"dev": true
				},
				"xmlchars": {
					"version": "2.2.0",
					"resolved": "https://artifactory.corp.alleninstitute.org:443/artifactory/api/npm/npm-virtual/xmlchars/-/xmlchars-2.2.0.tgz",
					"integrity": "sha1-Bg/hvLf5x2/ioX24apvDq4lCEMs=",
					"dev": true
				}
			}
		}
	}
}
